// !$*UTF8*$!
{
	archiveVersion = 1;
	classes = {
	};
	objectVersion = 51;
	objects = {

/* Begin PBXBuildFile section */
		9D62F002C714FAEE4886DB5C /* Pods_Le_Mood.framework in Frameworks */ = {isa = PBXBuildFile; fileRef = FCF09B5E5C9A7471C522B93C /* Pods_Le_Mood.framework */; };
		FA0AA2AE265D2014004545A3 /* StatisticsViewController.swift in Sources */ = {isa = PBXBuildFile; fileRef = FA0AA2AD265D2014004545A3 /* StatisticsViewController.swift */; };
		FA0AA2BE265D365F004545A3 /* CornerRadius.swift in Sources */ = {isa = PBXBuildFile; fileRef = FA0AA2BD265D365F004545A3 /* CornerRadius.swift */; };
		FA0AA2C1265D36A0004545A3 /* NumberViewController.swift in Sources */ = {isa = PBXBuildFile; fileRef = FA0AA2C0265D36A0004545A3 /* NumberViewController.swift */; };
		FA1B1532263FD027008CD9A3 /* AppDelegate.swift in Sources */ = {isa = PBXBuildFile; fileRef = FA1B1531263FD027008CD9A3 /* AppDelegate.swift */; };
		FA1B1534263FD027008CD9A3 /* SceneDelegate.swift in Sources */ = {isa = PBXBuildFile; fileRef = FA1B1533263FD027008CD9A3 /* SceneDelegate.swift */; };
		FA1B1539263FD027008CD9A3 /* Main.storyboard in Resources */ = {isa = PBXBuildFile; fileRef = FA1B1537263FD027008CD9A3 /* Main.storyboard */; };
		FA1B153B263FD027008CD9A3 /* Assets.xcassets in Resources */ = {isa = PBXBuildFile; fileRef = FA1B153A263FD027008CD9A3 /* Assets.xcassets */; };
		FA1B153E263FD027008CD9A3 /* LaunchScreen.storyboard in Resources */ = {isa = PBXBuildFile; fileRef = FA1B153C263FD027008CD9A3 /* LaunchScreen.storyboard */; };
		FA1B155F263FD6E0008CD9A3 /* Storyboard.swift in Sources */ = {isa = PBXBuildFile; fileRef = FA1B1558263FD6E0008CD9A3 /* Storyboard.swift */; };
		FA1B1560263FD6E0008CD9A3 /* Defaults.swift in Sources */ = {isa = PBXBuildFile; fileRef = FA1B1559263FD6E0008CD9A3 /* Defaults.swift */; };
		FA1B1562263FD6E0008CD9A3 /* UtilityManager.swift in Sources */ = {isa = PBXBuildFile; fileRef = FA1B155B263FD6E0008CD9A3 /* UtilityManager.swift */; };
		FA1B1563263FD6E0008CD9A3 /* Rechability.swift in Sources */ = {isa = PBXBuildFile; fileRef = FA1B155C263FD6E0008CD9A3 /* Rechability.swift */; };
		FA1B1564263FD6E0008CD9A3 /* Alert.swift in Sources */ = {isa = PBXBuildFile; fileRef = FA1B155D263FD6E0008CD9A3 /* Alert.swift */; };
		FA1B1565263FD6E0008CD9A3 /* Constants.swift in Sources */ = {isa = PBXBuildFile; fileRef = FA1B155E263FD6E0008CD9A3 /* Constants.swift */; };
		FA1B1568263FD6EC008CD9A3 /* Extension.swift in Sources */ = {isa = PBXBuildFile; fileRef = FA1B1567263FD6EC008CD9A3 /* Extension.swift */; };
		FA3AA6F5265CDFC900D48BC2 /* MoodModel.swift in Sources */ = {isa = PBXBuildFile; fileRef = FA3AA6F4265CDFC900D48BC2 /* MoodModel.swift */; };
		FA43C93E265B7CEA00A57EA6 /* AuthService.swift in Sources */ = {isa = PBXBuildFile; fileRef = FA43C93C265B7CE900A57EA6 /* AuthService.swift */; };
		FA43C93F265B7CEA00A57EA6 /* DataService.swift in Sources */ = {isa = PBXBuildFile; fileRef = FA43C93D265B7CE900A57EA6 /* DataService.swift */; };
		FA43C95A265B7E1400A57EA6 /* UserModel.swift in Sources */ = {isa = PBXBuildFile; fileRef = FA43C959265B7E1400A57EA6 /* UserModel.swift */; };
		FA43C976265BC04F00A57EA6 /* EditProfileViewController.swift in Sources */ = {isa = PBXBuildFile; fileRef = FA43C975265BC04F00A57EA6 /* EditProfileViewController.swift */; };
		FA6E32E226578F8E008C5013 /* PopUpMood.swift in Sources */ = {isa = PBXBuildFile; fileRef = FA6E32E026578F8E008C5013 /* PopUpMood.swift */; };
		FA6E32E326578F8E008C5013 /* PopUpMood.xib in Resources */ = {isa = PBXBuildFile; fileRef = FA6E32E126578F8E008C5013 /* PopUpMood.xib */; };
		FA6E32E92657BBF9008C5013 /* ChatListViewController.swift in Sources */ = {isa = PBXBuildFile; fileRef = FA6E32E82657BBF9008C5013 /* ChatListViewController.swift */; };
		FA6E32EE2657BEEA008C5013 /* ChatListCell.xib in Resources */ = {isa = PBXBuildFile; fileRef = FA6E32EC2657BEEA008C5013 /* ChatListCell.xib */; };
		FA6E32EF2657BEEA008C5013 /* ChatListCell.swift in Sources */ = {isa = PBXBuildFile; fileRef = FA6E32ED2657BEEA008C5013 /* ChatListCell.swift */; };
		FA6E32F42657C983008C5013 /* SettingViewController.swift in Sources */ = {isa = PBXBuildFile; fileRef = FA6E32F32657C983008C5013 /* SettingViewController.swift */; };
		FA6E331C2657E3D7008C5013 /* ProfileViewController.swift in Sources */ = {isa = PBXBuildFile; fileRef = FA6E331B2657E3D7008C5013 /* ProfileViewController.swift */; };
		FA6E33202657FA82008C5013 /* GoogleService-Info.plist in Resources */ = {isa = PBXBuildFile; fileRef = FA6E331F2657FA82008C5013 /* GoogleService-Info.plist */; };
		FA9C913F26564BD0003CCBAD /* Onboard1VC.swift in Sources */ = {isa = PBXBuildFile; fileRef = FA9C913E26564BD0003CCBAD /* Onboard1VC.swift */; };
		FA9C914226564CC4003CCBAD /* Onboard2VC.swift in Sources */ = {isa = PBXBuildFile; fileRef = FA9C914126564CC4003CCBAD /* Onboard2VC.swift */; };
		FA9C914526564D7A003CCBAD /* Onboard3VC.swift in Sources */ = {isa = PBXBuildFile; fileRef = FA9C914426564D7A003CCBAD /* Onboard3VC.swift */; };
		FA9C915C26564FDB003CCBAD /* Poppins-LightItalic.ttf in Resources */ = {isa = PBXBuildFile; fileRef = FA9C914926564FD9003CCBAD /* Poppins-LightItalic.ttf */; };
		FA9C915D26564FDB003CCBAD /* Poppins-Black.ttf in Resources */ = {isa = PBXBuildFile; fileRef = FA9C914A26564FD9003CCBAD /* Poppins-Black.ttf */; };
		FA9C915E26564FDB003CCBAD /* Poppins-SemiBoldItalic.ttf in Resources */ = {isa = PBXBuildFile; fileRef = FA9C914B26564FD9003CCBAD /* Poppins-SemiBoldItalic.ttf */; };
		FA9C915F26564FDB003CCBAD /* Poppins-Light.ttf in Resources */ = {isa = PBXBuildFile; fileRef = FA9C914C26564FD9003CCBAD /* Poppins-Light.ttf */; };
		FA9C916026564FDB003CCBAD /* Poppins-ExtraLightItalic.ttf in Resources */ = {isa = PBXBuildFile; fileRef = FA9C914D26564FDA003CCBAD /* Poppins-ExtraLightItalic.ttf */; };
		FA9C916126564FDB003CCBAD /* Poppins-ExtraLight.ttf in Resources */ = {isa = PBXBuildFile; fileRef = FA9C914E26564FDA003CCBAD /* Poppins-ExtraLight.ttf */; };
		FA9C916226564FDB003CCBAD /* Poppins-Regular.ttf in Resources */ = {isa = PBXBuildFile; fileRef = FA9C914F26564FDA003CCBAD /* Poppins-Regular.ttf */; };
		FA9C916326564FDB003CCBAD /* Poppins-ThinItalic.ttf in Resources */ = {isa = PBXBuildFile; fileRef = FA9C915026564FDA003CCBAD /* Poppins-ThinItalic.ttf */; };
		FA9C916426564FDB003CCBAD /* Poppins-Italic.ttf in Resources */ = {isa = PBXBuildFile; fileRef = FA9C915126564FDA003CCBAD /* Poppins-Italic.ttf */; };
		FA9C916526564FDB003CCBAD /* Poppins-BoldItalic.ttf in Resources */ = {isa = PBXBuildFile; fileRef = FA9C915226564FDA003CCBAD /* Poppins-BoldItalic.ttf */; };
		FA9C916626564FDB003CCBAD /* Poppins-Bold.ttf in Resources */ = {isa = PBXBuildFile; fileRef = FA9C915326564FDA003CCBAD /* Poppins-Bold.ttf */; };
		FA9C916726564FDB003CCBAD /* OFL.txt in Resources */ = {isa = PBXBuildFile; fileRef = FA9C915426564FDA003CCBAD /* OFL.txt */; };
		FA9C916826564FDB003CCBAD /* Poppins-Medium.ttf in Resources */ = {isa = PBXBuildFile; fileRef = FA9C915526564FDA003CCBAD /* Poppins-Medium.ttf */; };
		FA9C916926564FDB003CCBAD /* Poppins-MediumItalic.ttf in Resources */ = {isa = PBXBuildFile; fileRef = FA9C915626564FDA003CCBAD /* Poppins-MediumItalic.ttf */; };
		FA9C916A26564FDB003CCBAD /* Poppins-ExtraBold.ttf in Resources */ = {isa = PBXBuildFile; fileRef = FA9C915726564FDA003CCBAD /* Poppins-ExtraBold.ttf */; };
		FA9C916B26564FDB003CCBAD /* Poppins-SemiBold.ttf in Resources */ = {isa = PBXBuildFile; fileRef = FA9C915826564FDA003CCBAD /* Poppins-SemiBold.ttf */; };
		FA9C916C26564FDB003CCBAD /* Poppins-Thin.ttf in Resources */ = {isa = PBXBuildFile; fileRef = FA9C915926564FDA003CCBAD /* Poppins-Thin.ttf */; };
		FA9C916D26564FDB003CCBAD /* Poppins-ExtraBoldItalic.ttf in Resources */ = {isa = PBXBuildFile; fileRef = FA9C915A26564FDA003CCBAD /* Poppins-ExtraBoldItalic.ttf */; };
		FA9C916E26564FDB003CCBAD /* Poppins-BlackItalic.ttf in Resources */ = {isa = PBXBuildFile; fileRef = FA9C915B26564FDB003CCBAD /* Poppins-BlackItalic.ttf */; };
		FA9C91752656504E003CCBAD /* Acumin-BdItPro.otf in Resources */ = {isa = PBXBuildFile; fileRef = FA9C91712656504E003CCBAD /* Acumin-BdItPro.otf */; };
		FA9C91762656504E003CCBAD /* Acumin-BdPro.otf in Resources */ = {isa = PBXBuildFile; fileRef = FA9C91722656504E003CCBAD /* Acumin-BdPro.otf */; };
		FA9C91772656504E003CCBAD /* Acumin-RPro.otf in Resources */ = {isa = PBXBuildFile; fileRef = FA9C91732656504E003CCBAD /* Acumin-RPro.otf */; };
		FA9C91782656504E003CCBAD /* Acumin-ItPro.otf in Resources */ = {isa = PBXBuildFile; fileRef = FA9C91742656504E003CCBAD /* Acumin-ItPro.otf */; };
		FA9C917D26567D4E003CCBAD /* LoginViewController.swift in Sources */ = {isa = PBXBuildFile; fileRef = FA9C917C26567D4E003CCBAD /* LoginViewController.swift */; };
		FA9C918026568AB6003CCBAD /* SignupViewController.swift in Sources */ = {isa = PBXBuildFile; fileRef = FA9C917F26568AB6003CCBAD /* SignupViewController.swift */; };
		FA9C9185265692A5003CCBAD /* HomeViewController.swift in Sources */ = {isa = PBXBuildFile; fileRef = FA9C9184265692A5003CCBAD /* HomeViewController.swift */; };
		FA9C91892656A0B4003CCBAD /* TabbarViewController.swift in Sources */ = {isa = PBXBuildFile; fileRef = FA9C91882656A0B4003CCBAD /* TabbarViewController.swift */; };
		FAC0932D265E1F71004B53F7 /* VerificationViewController.swift in Sources */ = {isa = PBXBuildFile; fileRef = FAC0932C265E1F71004B53F7 /* VerificationViewController.swift */; };
		FAC09332265E34F0004B53F7 /* FriendsViewController.swift in Sources */ = {isa = PBXBuildFile; fileRef = FAC09331265E34F0004B53F7 /* FriendsViewController.swift */; };
		FAC09336265E3504004B53F7 /* MoodFriendsViewController.swift in Sources */ = {isa = PBXBuildFile; fileRef = FAC09335265E3504004B53F7 /* MoodFriendsViewController.swift */; };
		FAC09339265E3515004B53F7 /* AllFriendsViewController.swift in Sources */ = {isa = PBXBuildFile; fileRef = FAC09338265E3515004B53F7 /* AllFriendsViewController.swift */; };
		FAC0935E265E3BE7004B53F7 /* ContactCell.xib in Resources */ = {isa = PBXBuildFile; fileRef = FAC0935C265E3BE7004B53F7 /* ContactCell.xib */; };
		FAC0935F265E3BE7004B53F7 /* ContactCell.swift in Sources */ = {isa = PBXBuildFile; fileRef = FAC0935D265E3BE7004B53F7 /* ContactCell.swift */; };
		FADF51A4265F9EC10051F6FB /* InboxViewController.swift in Sources */ = {isa = PBXBuildFile; fileRef = FADF51A3265F9EC10051F6FB /* InboxViewController.swift */; };
		FADF51CD265FC4920051F6FB /* ChatsCell.swift in Sources */ = {isa = PBXBuildFile; fileRef = FADF51CB265FC4920051F6FB /* ChatsCell.swift */; };
		FADF51CE265FC4920051F6FB /* ChatMessageCell.swift in Sources */ = {isa = PBXBuildFile; fileRef = FADF51CC265FC4920051F6FB /* ChatMessageCell.swift */; };
		FADF51D1265FC4DB0051F6FB /* Message.swift in Sources */ = {isa = PBXBuildFile; fileRef = FADF51D0265FC4DB0051F6FB /* Message.swift */; };
		FADF51D4265FC4F50051F6FB /* MessagesVC.swift in Sources */ = {isa = PBXBuildFile; fileRef = FADF51D3265FC4F50051F6FB /* MessagesVC.swift */; };
		FADF51D8265FC53F0051F6FB /* Chat.swift in Sources */ = {isa = PBXBuildFile; fileRef = FADF51D7265FC53F0051F6FB /* Chat.swift */; };
		FADF51DB265FC6FA0051F6FB /* CircleImage.swift in Sources */ = {isa = PBXBuildFile; fileRef = FADF51DA265FC6FA0051F6FB /* CircleImage.swift */; };
		FADF5204265FCD1E0051F6FB /* ChatsVC.swift in Sources */ = {isa = PBXBuildFile; fileRef = FADF5203265FCD1E0051F6FB /* ChatsVC.swift */; };
/* End PBXBuildFile section */

/* Begin PBXFileReference section */
		C2CAB410993297DDFFF3DFCF /* Pods-Le Mood.debug.xcconfig */ = {isa = PBXFileReference; includeInIndex = 1; lastKnownFileType = text.xcconfig; name = "Pods-Le Mood.debug.xcconfig"; path = "Target Support Files/Pods-Le Mood/Pods-Le Mood.debug.xcconfig"; sourceTree = "<group>"; };
		CFE8B30F3C0CD2920545C271 /* Pods-Le Mood.release.xcconfig */ = {isa = PBXFileReference; includeInIndex = 1; lastKnownFileType = text.xcconfig; name = "Pods-Le Mood.release.xcconfig"; path = "Target Support Files/Pods-Le Mood/Pods-Le Mood.release.xcconfig"; sourceTree = "<group>"; };
		FA0AA2AD265D2014004545A3 /* StatisticsViewController.swift */ = {isa = PBXFileReference; lastKnownFileType = sourcecode.swift; path = StatisticsViewController.swift; sourceTree = "<group>"; };
		FA0AA2BD265D365F004545A3 /* CornerRadius.swift */ = {isa = PBXFileReference; fileEncoding = 4; lastKnownFileType = sourcecode.swift; path = CornerRadius.swift; sourceTree = "<group>"; };
		FA0AA2C0265D36A0004545A3 /* NumberViewController.swift */ = {isa = PBXFileReference; lastKnownFileType = sourcecode.swift; path = NumberViewController.swift; sourceTree = "<group>"; };
		FA1B152E263FD027008CD9A3 /* Le Mood.app */ = {isa = PBXFileReference; explicitFileType = wrapper.application; includeInIndex = 0; path = "Le Mood.app"; sourceTree = BUILT_PRODUCTS_DIR; };
		FA1B1531263FD027008CD9A3 /* AppDelegate.swift */ = {isa = PBXFileReference; lastKnownFileType = sourcecode.swift; path = AppDelegate.swift; sourceTree = "<group>"; };
		FA1B1533263FD027008CD9A3 /* SceneDelegate.swift */ = {isa = PBXFileReference; lastKnownFileType = sourcecode.swift; path = SceneDelegate.swift; sourceTree = "<group>"; };
		FA1B1538263FD027008CD9A3 /* Base */ = {isa = PBXFileReference; lastKnownFileType = file.storyboard; name = Base; path = Base.lproj/Main.storyboard; sourceTree = "<group>"; };
		FA1B153A263FD027008CD9A3 /* Assets.xcassets */ = {isa = PBXFileReference; lastKnownFileType = folder.assetcatalog; path = Assets.xcassets; sourceTree = "<group>"; };
		FA1B153D263FD027008CD9A3 /* Base */ = {isa = PBXFileReference; lastKnownFileType = file.storyboard; name = Base; path = Base.lproj/LaunchScreen.storyboard; sourceTree = "<group>"; };
		FA1B153F263FD027008CD9A3 /* Info.plist */ = {isa = PBXFileReference; lastKnownFileType = text.plist.xml; path = Info.plist; sourceTree = "<group>"; };
		FA1B1558263FD6E0008CD9A3 /* Storyboard.swift */ = {isa = PBXFileReference; fileEncoding = 4; lastKnownFileType = sourcecode.swift; path = Storyboard.swift; sourceTree = "<group>"; };
		FA1B1559263FD6E0008CD9A3 /* Defaults.swift */ = {isa = PBXFileReference; fileEncoding = 4; lastKnownFileType = sourcecode.swift; path = Defaults.swift; sourceTree = "<group>"; };
		FA1B155B263FD6E0008CD9A3 /* UtilityManager.swift */ = {isa = PBXFileReference; fileEncoding = 4; lastKnownFileType = sourcecode.swift; path = UtilityManager.swift; sourceTree = "<group>"; };
		FA1B155C263FD6E0008CD9A3 /* Rechability.swift */ = {isa = PBXFileReference; fileEncoding = 4; lastKnownFileType = sourcecode.swift; path = Rechability.swift; sourceTree = "<group>"; };
		FA1B155D263FD6E0008CD9A3 /* Alert.swift */ = {isa = PBXFileReference; fileEncoding = 4; lastKnownFileType = sourcecode.swift; path = Alert.swift; sourceTree = "<group>"; };
		FA1B155E263FD6E0008CD9A3 /* Constants.swift */ = {isa = PBXFileReference; fileEncoding = 4; lastKnownFileType = sourcecode.swift; path = Constants.swift; sourceTree = "<group>"; };
		FA1B1567263FD6EC008CD9A3 /* Extension.swift */ = {isa = PBXFileReference; fileEncoding = 4; lastKnownFileType = sourcecode.swift; path = Extension.swift; sourceTree = "<group>"; };
		FA3AA6F4265CDFC900D48BC2 /* MoodModel.swift */ = {isa = PBXFileReference; lastKnownFileType = sourcecode.swift; path = MoodModel.swift; sourceTree = "<group>"; };
		FA43C93C265B7CE900A57EA6 /* AuthService.swift */ = {isa = PBXFileReference; fileEncoding = 4; lastKnownFileType = sourcecode.swift; path = AuthService.swift; sourceTree = "<group>"; };
		FA43C93D265B7CE900A57EA6 /* DataService.swift */ = {isa = PBXFileReference; fileEncoding = 4; lastKnownFileType = sourcecode.swift; path = DataService.swift; sourceTree = "<group>"; };
		FA43C959265B7E1400A57EA6 /* UserModel.swift */ = {isa = PBXFileReference; fileEncoding = 4; lastKnownFileType = sourcecode.swift; path = UserModel.swift; sourceTree = "<group>"; };
		FA43C975265BC04F00A57EA6 /* EditProfileViewController.swift */ = {isa = PBXFileReference; lastKnownFileType = sourcecode.swift; path = EditProfileViewController.swift; sourceTree = "<group>"; };
		FA6E32E026578F8E008C5013 /* PopUpMood.swift */ = {isa = PBXFileReference; fileEncoding = 4; lastKnownFileType = sourcecode.swift; path = PopUpMood.swift; sourceTree = "<group>"; };
		FA6E32E126578F8E008C5013 /* PopUpMood.xib */ = {isa = PBXFileReference; fileEncoding = 4; lastKnownFileType = file.xib; path = PopUpMood.xib; sourceTree = "<group>"; };
		FA6E32E82657BBF9008C5013 /* ChatListViewController.swift */ = {isa = PBXFileReference; lastKnownFileType = sourcecode.swift; path = ChatListViewController.swift; sourceTree = "<group>"; };
		FA6E32EC2657BEEA008C5013 /* ChatListCell.xib */ = {isa = PBXFileReference; fileEncoding = 4; lastKnownFileType = file.xib; path = ChatListCell.xib; sourceTree = "<group>"; };
		FA6E32ED2657BEEA008C5013 /* ChatListCell.swift */ = {isa = PBXFileReference; fileEncoding = 4; lastKnownFileType = sourcecode.swift; path = ChatListCell.swift; sourceTree = "<group>"; };
		FA6E32F32657C983008C5013 /* SettingViewController.swift */ = {isa = PBXFileReference; lastKnownFileType = sourcecode.swift; path = SettingViewController.swift; sourceTree = "<group>"; };
		FA6E331B2657E3D7008C5013 /* ProfileViewController.swift */ = {isa = PBXFileReference; lastKnownFileType = sourcecode.swift; path = ProfileViewController.swift; sourceTree = "<group>"; };
		FA6E331F2657FA82008C5013 /* GoogleService-Info.plist */ = {isa = PBXFileReference; fileEncoding = 4; lastKnownFileType = text.plist.xml; path = "GoogleService-Info.plist"; sourceTree = "<group>"; };
		FA9C913E26564BD0003CCBAD /* Onboard1VC.swift */ = {isa = PBXFileReference; lastKnownFileType = sourcecode.swift; path = Onboard1VC.swift; sourceTree = "<group>"; };
		FA9C914126564CC4003CCBAD /* Onboard2VC.swift */ = {isa = PBXFileReference; lastKnownFileType = sourcecode.swift; path = Onboard2VC.swift; sourceTree = "<group>"; };
		FA9C914426564D7A003CCBAD /* Onboard3VC.swift */ = {isa = PBXFileReference; lastKnownFileType = sourcecode.swift; path = Onboard3VC.swift; sourceTree = "<group>"; };
		FA9C914926564FD9003CCBAD /* Poppins-LightItalic.ttf */ = {isa = PBXFileReference; lastKnownFileType = file; path = "Poppins-LightItalic.ttf"; sourceTree = "<group>"; };
		FA9C914A26564FD9003CCBAD /* Poppins-Black.ttf */ = {isa = PBXFileReference; lastKnownFileType = file; path = "Poppins-Black.ttf"; sourceTree = "<group>"; };
		FA9C914B26564FD9003CCBAD /* Poppins-SemiBoldItalic.ttf */ = {isa = PBXFileReference; lastKnownFileType = file; path = "Poppins-SemiBoldItalic.ttf"; sourceTree = "<group>"; };
		FA9C914C26564FD9003CCBAD /* Poppins-Light.ttf */ = {isa = PBXFileReference; lastKnownFileType = file; path = "Poppins-Light.ttf"; sourceTree = "<group>"; };
		FA9C914D26564FDA003CCBAD /* Poppins-ExtraLightItalic.ttf */ = {isa = PBXFileReference; lastKnownFileType = file; path = "Poppins-ExtraLightItalic.ttf"; sourceTree = "<group>"; };
		FA9C914E26564FDA003CCBAD /* Poppins-ExtraLight.ttf */ = {isa = PBXFileReference; lastKnownFileType = file; path = "Poppins-ExtraLight.ttf"; sourceTree = "<group>"; };
		FA9C914F26564FDA003CCBAD /* Poppins-Regular.ttf */ = {isa = PBXFileReference; lastKnownFileType = file; path = "Poppins-Regular.ttf"; sourceTree = "<group>"; };
		FA9C915026564FDA003CCBAD /* Poppins-ThinItalic.ttf */ = {isa = PBXFileReference; lastKnownFileType = file; path = "Poppins-ThinItalic.ttf"; sourceTree = "<group>"; };
		FA9C915126564FDA003CCBAD /* Poppins-Italic.ttf */ = {isa = PBXFileReference; lastKnownFileType = file; path = "Poppins-Italic.ttf"; sourceTree = "<group>"; };
		FA9C915226564FDA003CCBAD /* Poppins-BoldItalic.ttf */ = {isa = PBXFileReference; lastKnownFileType = file; path = "Poppins-BoldItalic.ttf"; sourceTree = "<group>"; };
		FA9C915326564FDA003CCBAD /* Poppins-Bold.ttf */ = {isa = PBXFileReference; lastKnownFileType = file; path = "Poppins-Bold.ttf"; sourceTree = "<group>"; };
		FA9C915426564FDA003CCBAD /* OFL.txt */ = {isa = PBXFileReference; fileEncoding = 4; lastKnownFileType = text; path = OFL.txt; sourceTree = "<group>"; };
		FA9C915526564FDA003CCBAD /* Poppins-Medium.ttf */ = {isa = PBXFileReference; lastKnownFileType = file; path = "Poppins-Medium.ttf"; sourceTree = "<group>"; };
		FA9C915626564FDA003CCBAD /* Poppins-MediumItalic.ttf */ = {isa = PBXFileReference; lastKnownFileType = file; path = "Poppins-MediumItalic.ttf"; sourceTree = "<group>"; };
		FA9C915726564FDA003CCBAD /* Poppins-ExtraBold.ttf */ = {isa = PBXFileReference; lastKnownFileType = file; path = "Poppins-ExtraBold.ttf"; sourceTree = "<group>"; };
		FA9C915826564FDA003CCBAD /* Poppins-SemiBold.ttf */ = {isa = PBXFileReference; lastKnownFileType = file; path = "Poppins-SemiBold.ttf"; sourceTree = "<group>"; };
		FA9C915926564FDA003CCBAD /* Poppins-Thin.ttf */ = {isa = PBXFileReference; lastKnownFileType = file; path = "Poppins-Thin.ttf"; sourceTree = "<group>"; };
		FA9C915A26564FDA003CCBAD /* Poppins-ExtraBoldItalic.ttf */ = {isa = PBXFileReference; lastKnownFileType = file; path = "Poppins-ExtraBoldItalic.ttf"; sourceTree = "<group>"; };
		FA9C915B26564FDB003CCBAD /* Poppins-BlackItalic.ttf */ = {isa = PBXFileReference; lastKnownFileType = file; path = "Poppins-BlackItalic.ttf"; sourceTree = "<group>"; };
		FA9C91712656504E003CCBAD /* Acumin-BdItPro.otf */ = {isa = PBXFileReference; lastKnownFileType = file; path = "Acumin-BdItPro.otf"; sourceTree = "<group>"; };
		FA9C91722656504E003CCBAD /* Acumin-BdPro.otf */ = {isa = PBXFileReference; lastKnownFileType = file; path = "Acumin-BdPro.otf"; sourceTree = "<group>"; };
		FA9C91732656504E003CCBAD /* Acumin-RPro.otf */ = {isa = PBXFileReference; lastKnownFileType = file; path = "Acumin-RPro.otf"; sourceTree = "<group>"; };
		FA9C91742656504E003CCBAD /* Acumin-ItPro.otf */ = {isa = PBXFileReference; lastKnownFileType = file; path = "Acumin-ItPro.otf"; sourceTree = "<group>"; };
		FA9C917C26567D4E003CCBAD /* LoginViewController.swift */ = {isa = PBXFileReference; lastKnownFileType = sourcecode.swift; path = LoginViewController.swift; sourceTree = "<group>"; };
		FA9C917F26568AB6003CCBAD /* SignupViewController.swift */ = {isa = PBXFileReference; lastKnownFileType = sourcecode.swift; path = SignupViewController.swift; sourceTree = "<group>"; };
		FA9C9184265692A5003CCBAD /* HomeViewController.swift */ = {isa = PBXFileReference; lastKnownFileType = sourcecode.swift; path = HomeViewController.swift; sourceTree = "<group>"; };
		FA9C91882656A0B4003CCBAD /* TabbarViewController.swift */ = {isa = PBXFileReference; fileEncoding = 4; lastKnownFileType = sourcecode.swift; path = TabbarViewController.swift; sourceTree = "<group>"; };
		FAC0932C265E1F71004B53F7 /* VerificationViewController.swift */ = {isa = PBXFileReference; fileEncoding = 4; lastKnownFileType = sourcecode.swift; path = VerificationViewController.swift; sourceTree = "<group>"; };
		FAC09331265E34F0004B53F7 /* FriendsViewController.swift */ = {isa = PBXFileReference; lastKnownFileType = sourcecode.swift; path = FriendsViewController.swift; sourceTree = "<group>"; };
		FAC09335265E3504004B53F7 /* MoodFriendsViewController.swift */ = {isa = PBXFileReference; lastKnownFileType = sourcecode.swift; path = MoodFriendsViewController.swift; sourceTree = "<group>"; };
		FAC09338265E3515004B53F7 /* AllFriendsViewController.swift */ = {isa = PBXFileReference; lastKnownFileType = sourcecode.swift; path = AllFriendsViewController.swift; sourceTree = "<group>"; };
		FAC0935C265E3BE7004B53F7 /* ContactCell.xib */ = {isa = PBXFileReference; fileEncoding = 4; lastKnownFileType = file.xib; path = ContactCell.xib; sourceTree = "<group>"; };
		FAC0935D265E3BE7004B53F7 /* ContactCell.swift */ = {isa = PBXFileReference; fileEncoding = 4; lastKnownFileType = sourcecode.swift; path = ContactCell.swift; sourceTree = "<group>"; };
		FADF51A3265F9EC10051F6FB /* InboxViewController.swift */ = {isa = PBXFileReference; lastKnownFileType = sourcecode.swift; path = InboxViewController.swift; sourceTree = "<group>"; };
		FADF51CB265FC4920051F6FB /* ChatsCell.swift */ = {isa = PBXFileReference; fileEncoding = 4; lastKnownFileType = sourcecode.swift; path = ChatsCell.swift; sourceTree = "<group>"; };
		FADF51CC265FC4920051F6FB /* ChatMessageCell.swift */ = {isa = PBXFileReference; fileEncoding = 4; lastKnownFileType = sourcecode.swift; path = ChatMessageCell.swift; sourceTree = "<group>"; };
		FADF51D0265FC4DB0051F6FB /* Message.swift */ = {isa = PBXFileReference; fileEncoding = 4; lastKnownFileType = sourcecode.swift; path = Message.swift; sourceTree = "<group>"; };
		FADF51D3265FC4F50051F6FB /* MessagesVC.swift */ = {isa = PBXFileReference; fileEncoding = 4; lastKnownFileType = sourcecode.swift; path = MessagesVC.swift; sourceTree = "<group>"; };
		FADF51D7265FC53F0051F6FB /* Chat.swift */ = {isa = PBXFileReference; fileEncoding = 4; lastKnownFileType = sourcecode.swift; path = Chat.swift; sourceTree = "<group>"; };
		FADF51DA265FC6FA0051F6FB /* CircleImage.swift */ = {isa = PBXFileReference; fileEncoding = 4; lastKnownFileType = sourcecode.swift; path = CircleImage.swift; sourceTree = "<group>"; };
		FADF5203265FCD1E0051F6FB /* ChatsVC.swift */ = {isa = PBXFileReference; fileEncoding = 4; lastKnownFileType = sourcecode.swift; path = ChatsVC.swift; sourceTree = "<group>"; };
		FCF09B5E5C9A7471C522B93C /* Pods_Le_Mood.framework */ = {isa = PBXFileReference; explicitFileType = wrapper.framework; includeInIndex = 0; path = Pods_Le_Mood.framework; sourceTree = BUILT_PRODUCTS_DIR; };
/* End PBXFileReference section */

/* Begin PBXFrameworksBuildPhase section */
		FA1B152B263FD027008CD9A3 /* Frameworks */ = {
			isa = PBXFrameworksBuildPhase;
			buildActionMask = 2147483647;
			files = (
				9D62F002C714FAEE4886DB5C /* Pods_Le_Mood.framework in Frameworks */,
			);
			runOnlyForDeploymentPostprocessing = 0;
		};
/* End PBXFrameworksBuildPhase section */

/* Begin PBXGroup section */
		5B44D0C8EE8512DEB8B36E6B /* Pods */ = {
			isa = PBXGroup;
			children = (
				C2CAB410993297DDFFF3DFCF /* Pods-Le Mood.debug.xcconfig */,
				CFE8B30F3C0CD2920545C271 /* Pods-Le Mood.release.xcconfig */,
			);
			path = Pods;
			sourceTree = "<group>";
		};
		EC7A1C3CB835FAACC6B509A5 /* Frameworks */ = {
			isa = PBXGroup;
			children = (
				FCF09B5E5C9A7471C522B93C /* Pods_Le_Mood.framework */,
			);
			name = Frameworks;
			sourceTree = "<group>";
		};
		FA0AA2AC265D1FF6004545A3 /* Statistics */ = {
			isa = PBXGroup;
			children = (
				FA0AA2AD265D2014004545A3 /* StatisticsViewController.swift */,
			);
			path = Statistics;
			sourceTree = "<group>";
		};
		FA1B1525263FD027008CD9A3 = {
			isa = PBXGroup;
			children = (
				FA1B1530263FD027008CD9A3 /* Le Mood */,
				FA1B152F263FD027008CD9A3 /* Products */,
				5B44D0C8EE8512DEB8B36E6B /* Pods */,
				EC7A1C3CB835FAACC6B509A5 /* Frameworks */,
			);
			sourceTree = "<group>";
		};
		FA1B152F263FD027008CD9A3 /* Products */ = {
			isa = PBXGroup;
			children = (
				FA1B152E263FD027008CD9A3 /* Le Mood.app */,
			);
			name = Products;
			sourceTree = "<group>";
		};
		FA1B1530263FD027008CD9A3 /* Le Mood */ = {
			isa = PBXGroup;
			children = (
				FA1B154F263FD155008CD9A3 /* DelegateFiles */,
				FA1B154E263FD151008CD9A3 /* CustomCells */,
				FA1B154D263FD14E008CD9A3 /* SupportingFiles */,
				FA1B154C263FD14B008CD9A3 /* Services */,
				FA1B154B263FD148008CD9A3 /* Models */,
				FA1B154A263FD145008CD9A3 /* View */,
				FA1B1549263FD142008CD9A3 /* Controllers */,
				FA1B1548263FD13F008CD9A3 /* Storyboards */,
				FA1B1547263FD13C008CD9A3 /* Assets */,
				FA9C914726564F8E003CCBAD /* Fonts */,
			);
			path = "Le Mood";
			sourceTree = "<group>";
		};
		FA1B1547263FD13C008CD9A3 /* Assets */ = {
			isa = PBXGroup;
			children = (
				FA6E331F2657FA82008C5013 /* GoogleService-Info.plist */,
				FA1B153A263FD027008CD9A3 /* Assets.xcassets */,
				FA1B153F263FD027008CD9A3 /* Info.plist */,
			);
			path = Assets;
			sourceTree = "<group>";
		};
		FA1B1548263FD13F008CD9A3 /* Storyboards */ = {
			isa = PBXGroup;
			children = (
				FA1B1550263FD2F8008CD9A3 /* Launch */,
				FA1B1551263FD308008CD9A3 /* Main */,
			);
			path = Storyboards;
			sourceTree = "<group>";
		};
		FA1B1549263FD142008CD9A3 /* Controllers */ = {
			isa = PBXGroup;
			children = (
				FA1B1552263FD355008CD9A3 /* Splash */,
				FA1B1553263FD35E008CD9A3 /* Onboardings */,
				FA1B1554263FD396008CD9A3 /* Auth */,
				FA9C918326569279003CCBAD /* Tabbar */,
			);
			path = Controllers;
			sourceTree = "<group>";
		};
		FA1B154A263FD145008CD9A3 /* View */ = {
			isa = PBXGroup;
			children = (
				FADF51DA265FC6FA0051F6FB /* CircleImage.swift */,
				FA0AA2BD265D365F004545A3 /* CornerRadius.swift */,
				FA6E32E026578F8E008C5013 /* PopUpMood.swift */,
				FA6E32E126578F8E008C5013 /* PopUpMood.xib */,
			);
			path = View;
			sourceTree = "<group>";
		};
		FA1B154B263FD148008CD9A3 /* Models */ = {
			isa = PBXGroup;
			children = (
				FADF51D0265FC4DB0051F6FB /* Message.swift */,
				FA43C959265B7E1400A57EA6 /* UserModel.swift */,
				FA3AA6F4265CDFC900D48BC2 /* MoodModel.swift */,
				FADF51D7265FC53F0051F6FB /* Chat.swift */,
			);
			path = Models;
			sourceTree = "<group>";
		};
		FA1B154C263FD14B008CD9A3 /* Services */ = {
			isa = PBXGroup;
			children = (
				FA43C93C265B7CE900A57EA6 /* AuthService.swift */,
				FA43C93D265B7CE900A57EA6 /* DataService.swift */,
			);
			path = Services;
			sourceTree = "<group>";
		};
		FA1B154D263FD14E008CD9A3 /* SupportingFiles */ = {
			isa = PBXGroup;
			children = (
				FA1B1557263FD6CB008CD9A3 /* Extensions */,
				FA1B1556263FD6C7008CD9A3 /* Utils */,
			);
			path = SupportingFiles;
			sourceTree = "<group>";
		};
		FA1B154E263FD151008CD9A3 /* CustomCells */ = {
			isa = PBXGroup;
			children = (
				FA6E32ED2657BEEA008C5013 /* ChatListCell.swift */,
				FA6E32EC2657BEEA008C5013 /* ChatListCell.xib */,
				FAC0935D265E3BE7004B53F7 /* ContactCell.swift */,
				FAC0935C265E3BE7004B53F7 /* ContactCell.xib */,
			);
			path = CustomCells;
			sourceTree = "<group>";
		};
		FA1B154F263FD155008CD9A3 /* DelegateFiles */ = {
			isa = PBXGroup;
			children = (
				FA1B1531263FD027008CD9A3 /* AppDelegate.swift */,
				FA1B1533263FD027008CD9A3 /* SceneDelegate.swift */,
			);
			path = DelegateFiles;
			sourceTree = "<group>";
		};
		FA1B1550263FD2F8008CD9A3 /* Launch */ = {
			isa = PBXGroup;
			children = (
				FA1B153C263FD027008CD9A3 /* LaunchScreen.storyboard */,
			);
			path = Launch;
			sourceTree = "<group>";
		};
		FA1B1551263FD308008CD9A3 /* Main */ = {
			isa = PBXGroup;
			children = (
				FA1B1537263FD027008CD9A3 /* Main.storyboard */,
			);
			path = Main;
			sourceTree = "<group>";
		};
		FA1B1552263FD355008CD9A3 /* Splash */ = {
			isa = PBXGroup;
			children = (
			);
			path = Splash;
			sourceTree = "<group>";
		};
		FA1B1553263FD35E008CD9A3 /* Onboardings */ = {
			isa = PBXGroup;
			children = (
				FA9C913E26564BD0003CCBAD /* Onboard1VC.swift */,
				FA9C914126564CC4003CCBAD /* Onboard2VC.swift */,
				FA9C914426564D7A003CCBAD /* Onboard3VC.swift */,
			);
			path = Onboardings;
			sourceTree = "<group>";
		};
		FA1B1554263FD396008CD9A3 /* Auth */ = {
			isa = PBXGroup;
			children = (
				FA9C917C26567D4E003CCBAD /* LoginViewController.swift */,
				FA9C917F26568AB6003CCBAD /* SignupViewController.swift */,
				FA0AA2C0265D36A0004545A3 /* NumberViewController.swift */,
				FAC0932C265E1F71004B53F7 /* VerificationViewController.swift */,
			);
			path = Auth;
			sourceTree = "<group>";
		};
		FA1B1556263FD6C7008CD9A3 /* Utils */ = {
			isa = PBXGroup;
			children = (
				FA1B155D263FD6E0008CD9A3 /* Alert.swift */,
				FA1B155E263FD6E0008CD9A3 /* Constants.swift */,
				FA1B1559263FD6E0008CD9A3 /* Defaults.swift */,
				FA1B155C263FD6E0008CD9A3 /* Rechability.swift */,
				FA1B1558263FD6E0008CD9A3 /* Storyboard.swift */,
				FA1B155B263FD6E0008CD9A3 /* UtilityManager.swift */,
			);
			path = Utils;
			sourceTree = "<group>";
		};
		FA1B1557263FD6CB008CD9A3 /* Extensions */ = {
			isa = PBXGroup;
			children = (
				FA1B1567263FD6EC008CD9A3 /* Extension.swift */,
			);
			path = Extensions;
			sourceTree = "<group>";
		};
		FA6E32E72657BBDC008C5013 /* Chats */ = {
			isa = PBXGroup;
			children = (
				FA6E32E82657BBF9008C5013 /* ChatListViewController.swift */,
				FADF51A3265F9EC10051F6FB /* InboxViewController.swift */,
				FADF5203265FCD1E0051F6FB /* ChatsVC.swift */,
				FADF51D3265FC4F50051F6FB /* MessagesVC.swift */,
				FADF51CC265FC4920051F6FB /* ChatMessageCell.swift */,
				FADF51CB265FC4920051F6FB /* ChatsCell.swift */,
			);
			path = Chats;
			sourceTree = "<group>";
		};
		FA6E32F22657C95D008C5013 /* Setting */ = {
			isa = PBXGroup;
			children = (
				FA6E32F32657C983008C5013 /* SettingViewController.swift */,
				FA6E331A2657E3C2008C5013 /* Profile */,
			);
			path = Setting;
			sourceTree = "<group>";
		};
		FA6E331A2657E3C2008C5013 /* Profile */ = {
			isa = PBXGroup;
			children = (
				FA6E331B2657E3D7008C5013 /* ProfileViewController.swift */,
				FA43C975265BC04F00A57EA6 /* EditProfileViewController.swift */,
			);
			path = Profile;
			sourceTree = "<group>";
		};
		FA9C914726564F8E003CCBAD /* Fonts */ = {
			isa = PBXGroup;
			children = (
				FA9C917026565040003CCBAD /* Acumin Pro SemiCondensed */,
				FA9C914826564FC4003CCBAD /* Poppins */,
			);
			path = Fonts;
			sourceTree = "<group>";
		};
		FA9C914826564FC4003CCBAD /* Poppins */ = {
			isa = PBXGroup;
			children = (
				FA9C915426564FDA003CCBAD /* OFL.txt */,
				FA9C914A26564FD9003CCBAD /* Poppins-Black.ttf */,
				FA9C915B26564FDB003CCBAD /* Poppins-BlackItalic.ttf */,
				FA9C915326564FDA003CCBAD /* Poppins-Bold.ttf */,
				FA9C915226564FDA003CCBAD /* Poppins-BoldItalic.ttf */,
				FA9C915726564FDA003CCBAD /* Poppins-ExtraBold.ttf */,
				FA9C915A26564FDA003CCBAD /* Poppins-ExtraBoldItalic.ttf */,
				FA9C914E26564FDA003CCBAD /* Poppins-ExtraLight.ttf */,
				FA9C914D26564FDA003CCBAD /* Poppins-ExtraLightItalic.ttf */,
				FA9C915126564FDA003CCBAD /* Poppins-Italic.ttf */,
				FA9C914C26564FD9003CCBAD /* Poppins-Light.ttf */,
				FA9C914926564FD9003CCBAD /* Poppins-LightItalic.ttf */,
				FA9C915526564FDA003CCBAD /* Poppins-Medium.ttf */,
				FA9C915626564FDA003CCBAD /* Poppins-MediumItalic.ttf */,
				FA9C914F26564FDA003CCBAD /* Poppins-Regular.ttf */,
				FA9C915826564FDA003CCBAD /* Poppins-SemiBold.ttf */,
				FA9C914B26564FD9003CCBAD /* Poppins-SemiBoldItalic.ttf */,
				FA9C915926564FDA003CCBAD /* Poppins-Thin.ttf */,
				FA9C915026564FDA003CCBAD /* Poppins-ThinItalic.ttf */,
			);
			path = Poppins;
			sourceTree = "<group>";
		};
		FA9C917026565040003CCBAD /* Acumin Pro SemiCondensed */ = {
			isa = PBXGroup;
			children = (
				FA9C91712656504E003CCBAD /* Acumin-BdItPro.otf */,
				FA9C91722656504E003CCBAD /* Acumin-BdPro.otf */,
				FA9C91742656504E003CCBAD /* Acumin-ItPro.otf */,
				FA9C91732656504E003CCBAD /* Acumin-RPro.otf */,
			);
			path = "Acumin Pro SemiCondensed";
			sourceTree = "<group>";
		};
		FA9C918326569279003CCBAD /* Tabbar */ = {
			isa = PBXGroup;
			children = (
				FA9C91882656A0B4003CCBAD /* TabbarViewController.swift */,
				FA9C918B2656A0BA003CCBAD /* Home */,
				FA6E32E72657BBDC008C5013 /* Chats */,
				FA6E32F22657C95D008C5013 /* Setting */,
				FA0AA2AC265D1FF6004545A3 /* Statistics */,
			);
			path = Tabbar;
			sourceTree = "<group>";
		};
		FA9C918B2656A0BA003CCBAD /* Home */ = {
			isa = PBXGroup;
			children = (
				FA9C9184265692A5003CCBAD /* HomeViewController.swift */,
				FAC09330265E34D3004B53F7 /* Friends */,
			);
			path = Home;
			sourceTree = "<group>";
		};
		FAC09330265E34D3004B53F7 /* Friends */ = {
			isa = PBXGroup;
			children = (
				FAC09331265E34F0004B53F7 /* FriendsViewController.swift */,
				FAC09335265E3504004B53F7 /* MoodFriendsViewController.swift */,
				FAC09338265E3515004B53F7 /* AllFriendsViewController.swift */,
			);
			path = Friends;
			sourceTree = "<group>";
		};
/* End PBXGroup section */

/* Begin PBXNativeTarget section */
		FA1B152D263FD027008CD9A3 /* Le Mood */ = {
			isa = PBXNativeTarget;
			buildConfigurationList = FA1B1542263FD027008CD9A3 /* Build configuration list for PBXNativeTarget "Le Mood" */;
			buildPhases = (
				E94BFAB7F6C518C082B1928C /* [CP] Check Pods Manifest.lock */,
				FA1B152A263FD027008CD9A3 /* Sources */,
				FA1B152B263FD027008CD9A3 /* Frameworks */,
				FA1B152C263FD027008CD9A3 /* Resources */,
				73872570EDE1D591A63E5883 /* [CP] Embed Pods Frameworks */,
			);
			buildRules = (
			);
			dependencies = (
			);
			name = "Le Mood";
			productName = "Le Mood";
			productReference = FA1B152E263FD027008CD9A3 /* Le Mood.app */;
			productType = "com.apple.product-type.application";
		};
/* End PBXNativeTarget section */

/* Begin PBXProject section */
		FA1B1526263FD027008CD9A3 /* Project object */ = {
			isa = PBXProject;
			attributes = {
				LastSwiftUpdateCheck = 1240;
				LastUpgradeCheck = 1240;
				TargetAttributes = {
					FA1B152D263FD027008CD9A3 = {
						CreatedOnToolsVersion = 12.4;
					};
				};
			};
			buildConfigurationList = FA1B1529263FD027008CD9A3 /* Build configuration list for PBXProject "Le Mood" */;
			compatibilityVersion = "Xcode 9.3";
			developmentRegion = en;
			hasScannedForEncodings = 0;
			knownRegions = (
				en,
				Base,
			);
			mainGroup = FA1B1525263FD027008CD9A3;
			productRefGroup = FA1B152F263FD027008CD9A3 /* Products */;
			projectDirPath = "";
			projectRoot = "";
			targets = (
				FA1B152D263FD027008CD9A3 /* Le Mood */,
			);
		};
/* End PBXProject section */

/* Begin PBXResourcesBuildPhase section */
		FA1B152C263FD027008CD9A3 /* Resources */ = {
			isa = PBXResourcesBuildPhase;
			buildActionMask = 2147483647;
			files = (
				FA9C91762656504E003CCBAD /* Acumin-BdPro.otf in Resources */,
				FA9C916726564FDB003CCBAD /* OFL.txt in Resources */,
				FA9C916026564FDB003CCBAD /* Poppins-ExtraLightItalic.ttf in Resources */,
				FA9C915F26564FDB003CCBAD /* Poppins-Light.ttf in Resources */,
				FA9C916D26564FDB003CCBAD /* Poppins-ExtraBoldItalic.ttf in Resources */,
				FA9C916526564FDB003CCBAD /* Poppins-BoldItalic.ttf in Resources */,
				FA1B153E263FD027008CD9A3 /* LaunchScreen.storyboard in Resources */,
				FA6E32E326578F8E008C5013 /* PopUpMood.xib in Resources */,
				FA9C916B26564FDB003CCBAD /* Poppins-SemiBold.ttf in Resources */,
				FA9C91772656504E003CCBAD /* Acumin-RPro.otf in Resources */,
				FA9C91782656504E003CCBAD /* Acumin-ItPro.otf in Resources */,
				FA9C916826564FDB003CCBAD /* Poppins-Medium.ttf in Resources */,
				FA9C916326564FDB003CCBAD /* Poppins-ThinItalic.ttf in Resources */,
				FA9C916126564FDB003CCBAD /* Poppins-ExtraLight.ttf in Resources */,
				FA9C916E26564FDB003CCBAD /* Poppins-BlackItalic.ttf in Resources */,
				FA9C91752656504E003CCBAD /* Acumin-BdItPro.otf in Resources */,
				FA9C916C26564FDB003CCBAD /* Poppins-Thin.ttf in Resources */,
				FA6E32EE2657BEEA008C5013 /* ChatListCell.xib in Resources */,
				FAC0935E265E3BE7004B53F7 /* ContactCell.xib in Resources */,
				FA1B153B263FD027008CD9A3 /* Assets.xcassets in Resources */,
				FA9C916426564FDB003CCBAD /* Poppins-Italic.ttf in Resources */,
				FA9C916A26564FDB003CCBAD /* Poppins-ExtraBold.ttf in Resources */,
				FA6E33202657FA82008C5013 /* GoogleService-Info.plist in Resources */,
				FA1B1539263FD027008CD9A3 /* Main.storyboard in Resources */,
				FA9C916926564FDB003CCBAD /* Poppins-MediumItalic.ttf in Resources */,
				FA9C916626564FDB003CCBAD /* Poppins-Bold.ttf in Resources */,
				FA9C915C26564FDB003CCBAD /* Poppins-LightItalic.ttf in Resources */,
				FA9C915D26564FDB003CCBAD /* Poppins-Black.ttf in Resources */,
				FA9C915E26564FDB003CCBAD /* Poppins-SemiBoldItalic.ttf in Resources */,
				FA9C916226564FDB003CCBAD /* Poppins-Regular.ttf in Resources */,
			);
			runOnlyForDeploymentPostprocessing = 0;
		};
/* End PBXResourcesBuildPhase section */

/* Begin PBXShellScriptBuildPhase section */
		73872570EDE1D591A63E5883 /* [CP] Embed Pods Frameworks */ = {
			isa = PBXShellScriptBuildPhase;
			buildActionMask = 2147483647;
			files = (
			);
			inputFileListPaths = (
				"${PODS_ROOT}/Target Support Files/Pods-Le Mood/Pods-Le Mood-frameworks-${CONFIGURATION}-input-files.xcfilelist",
			);
			name = "[CP] Embed Pods Frameworks";
			outputFileListPaths = (
				"${PODS_ROOT}/Target Support Files/Pods-Le Mood/Pods-Le Mood-frameworks-${CONFIGURATION}-output-files.xcfilelist",
			);
			runOnlyForDeploymentPostprocessing = 0;
			shellPath = /bin/sh;
			shellScript = "\"${PODS_ROOT}/Target Support Files/Pods-Le Mood/Pods-Le Mood-frameworks.sh\"\n";
			showEnvVarsInLog = 0;
		};
		E94BFAB7F6C518C082B1928C /* [CP] Check Pods Manifest.lock */ = {
			isa = PBXShellScriptBuildPhase;
			buildActionMask = 2147483647;
			files = (
			);
			inputFileListPaths = (
			);
			inputPaths = (
				"${PODS_PODFILE_DIR_PATH}/Podfile.lock",
				"${PODS_ROOT}/Manifest.lock",
			);
			name = "[CP] Check Pods Manifest.lock";
			outputFileListPaths = (
			);
			outputPaths = (
				"$(DERIVED_FILE_DIR)/Pods-Le Mood-checkManifestLockResult.txt",
			);
			runOnlyForDeploymentPostprocessing = 0;
			shellPath = /bin/sh;
			shellScript = "diff \"${PODS_PODFILE_DIR_PATH}/Podfile.lock\" \"${PODS_ROOT}/Manifest.lock\" > /dev/null\nif [ $? != 0 ] ; then\n    # print error to STDERR\n    echo \"error: The sandbox is not in sync with the Podfile.lock. Run 'pod install' or update your CocoaPods installation.\" >&2\n    exit 1\nfi\n# This output is used by Xcode 'outputs' to avoid re-running this script phase.\necho \"SUCCESS\" > \"${SCRIPT_OUTPUT_FILE_0}\"\n";
			showEnvVarsInLog = 0;
		};
/* End PBXShellScriptBuildPhase section */

/* Begin PBXSourcesBuildPhase section */
		FA1B152A263FD027008CD9A3 /* Sources */ = {
			isa = PBXSourcesBuildPhase;
			buildActionMask = 2147483647;
			files = (
				FADF51A4265F9EC10051F6FB /* InboxViewController.swift in Sources */,
				FA9C91892656A0B4003CCBAD /* TabbarViewController.swift in Sources */,
				FA1B1564263FD6E0008CD9A3 /* Alert.swift in Sources */,
				FA1B155F263FD6E0008CD9A3 /* Storyboard.swift in Sources */,
				FA1B1560263FD6E0008CD9A3 /* Defaults.swift in Sources */,
				FA1B1568263FD6EC008CD9A3 /* Extension.swift in Sources */,
				FA43C93F265B7CEA00A57EA6 /* DataService.swift in Sources */,
				FADF51D1265FC4DB0051F6FB /* Message.swift in Sources */,
				FA43C93E265B7CEA00A57EA6 /* AuthService.swift in Sources */,
				FA1B1532263FD027008CD9A3 /* AppDelegate.swift in Sources */,
				FA6E32EF2657BEEA008C5013 /* ChatListCell.swift in Sources */,
				FA6E32E92657BBF9008C5013 /* ChatListViewController.swift in Sources */,
				FA43C95A265B7E1400A57EA6 /* UserModel.swift in Sources */,
				FADF51D8265FC53F0051F6FB /* Chat.swift in Sources */,
				FA9C9185265692A5003CCBAD /* HomeViewController.swift in Sources */,
				FAC0932D265E1F71004B53F7 /* VerificationViewController.swift in Sources */,
				FA1B1565263FD6E0008CD9A3 /* Constants.swift in Sources */,
				FA9C914226564CC4003CCBAD /* Onboard2VC.swift in Sources */,
				FADF5204265FCD1E0051F6FB /* ChatsVC.swift in Sources */,
				FA9C914526564D7A003CCBAD /* Onboard3VC.swift in Sources */,
				FA0AA2AE265D2014004545A3 /* StatisticsViewController.swift in Sources */,
				FA9C918026568AB6003CCBAD /* SignupViewController.swift in Sources */,
				FAC0935F265E3BE7004B53F7 /* ContactCell.swift in Sources */,
				FA0AA2C1265D36A0004545A3 /* NumberViewController.swift in Sources */,
				FAC09336265E3504004B53F7 /* MoodFriendsViewController.swift in Sources */,
				FA1B1563263FD6E0008CD9A3 /* Rechability.swift in Sources */,
				FA6E32E226578F8E008C5013 /* PopUpMood.swift in Sources */,
				FA6E32F42657C983008C5013 /* SettingViewController.swift in Sources */,
				FAC09339265E3515004B53F7 /* AllFriendsViewController.swift in Sources */,
				FA1B1562263FD6E0008CD9A3 /* UtilityManager.swift in Sources */,
				FA3AA6F5265CDFC900D48BC2 /* MoodModel.swift in Sources */,
				FA0AA2BE265D365F004545A3 /* CornerRadius.swift in Sources */,
				FADF51CD265FC4920051F6FB /* ChatsCell.swift in Sources */,
				FAC09332265E34F0004B53F7 /* FriendsViewController.swift in Sources */,
				FA1B1534263FD027008CD9A3 /* SceneDelegate.swift in Sources */,
				FADF51CE265FC4920051F6FB /* ChatMessageCell.swift in Sources */,
				FA6E331C2657E3D7008C5013 /* ProfileViewController.swift in Sources */,
				FA9C917D26567D4E003CCBAD /* LoginViewController.swift in Sources */,
				FADF51DB265FC6FA0051F6FB /* CircleImage.swift in Sources */,
				FADF51D4265FC4F50051F6FB /* MessagesVC.swift in Sources */,
				FA43C976265BC04F00A57EA6 /* EditProfileViewController.swift in Sources */,
				FA9C913F26564BD0003CCBAD /* Onboard1VC.swift in Sources */,
			);
			runOnlyForDeploymentPostprocessing = 0;
		};
/* End PBXSourcesBuildPhase section */

/* Begin PBXVariantGroup section */
		FA1B1537263FD027008CD9A3 /* Main.storyboard */ = {
			isa = PBXVariantGroup;
			children = (
				FA1B1538263FD027008CD9A3 /* Base */,
			);
			name = Main.storyboard;
			sourceTree = "<group>";
		};
		FA1B153C263FD027008CD9A3 /* LaunchScreen.storyboard */ = {
			isa = PBXVariantGroup;
			children = (
				FA1B153D263FD027008CD9A3 /* Base */,
			);
			name = LaunchScreen.storyboard;
			sourceTree = "<group>";
		};
/* End PBXVariantGroup section */

/* Begin XCBuildConfiguration section */
		FA1B1540263FD027008CD9A3 /* Debug */ = {
			isa = XCBuildConfiguration;
			buildSettings = {
				ALWAYS_SEARCH_USER_PATHS = NO;
				CLANG_ANALYZER_NONNULL = YES;
				CLANG_ANALYZER_NUMBER_OBJECT_CONVERSION = YES_AGGRESSIVE;
				CLANG_CXX_LANGUAGE_STANDARD = "gnu++14";
				CLANG_CXX_LIBRARY = "libc++";
				CLANG_ENABLE_MODULES = YES;
				CLANG_ENABLE_OBJC_ARC = YES;
				CLANG_ENABLE_OBJC_WEAK = YES;
				CLANG_WARN_BLOCK_CAPTURE_AUTORELEASING = YES;
				CLANG_WARN_BOOL_CONVERSION = YES;
				CLANG_WARN_COMMA = YES;
				CLANG_WARN_CONSTANT_CONVERSION = YES;
				CLANG_WARN_DEPRECATED_OBJC_IMPLEMENTATIONS = YES;
				CLANG_WARN_DIRECT_OBJC_ISA_USAGE = YES_ERROR;
				CLANG_WARN_DOCUMENTATION_COMMENTS = YES;
				CLANG_WARN_EMPTY_BODY = YES;
				CLANG_WARN_ENUM_CONVERSION = YES;
				CLANG_WARN_INFINITE_RECURSION = YES;
				CLANG_WARN_INT_CONVERSION = YES;
				CLANG_WARN_NON_LITERAL_NULL_CONVERSION = YES;
				CLANG_WARN_OBJC_IMPLICIT_RETAIN_SELF = YES;
				CLANG_WARN_OBJC_LITERAL_CONVERSION = YES;
				CLANG_WARN_OBJC_ROOT_CLASS = YES_ERROR;
				CLANG_WARN_QUOTED_INCLUDE_IN_FRAMEWORK_HEADER = YES;
				CLANG_WARN_RANGE_LOOP_ANALYSIS = YES;
				CLANG_WARN_STRICT_PROTOTYPES = YES;
				CLANG_WARN_SUSPICIOUS_MOVE = YES;
				CLANG_WARN_UNGUARDED_AVAILABILITY = YES_AGGRESSIVE;
				CLANG_WARN_UNREACHABLE_CODE = YES;
				CLANG_WARN__DUPLICATE_METHOD_MATCH = YES;
				COPY_PHASE_STRIP = NO;
				DEBUG_INFORMATION_FORMAT = dwarf;
				ENABLE_STRICT_OBJC_MSGSEND = YES;
				ENABLE_TESTABILITY = YES;
				GCC_C_LANGUAGE_STANDARD = gnu11;
				GCC_DYNAMIC_NO_PIC = NO;
				GCC_NO_COMMON_BLOCKS = YES;
				GCC_OPTIMIZATION_LEVEL = 0;
				GCC_PREPROCESSOR_DEFINITIONS = (
					"DEBUG=1",
					"$(inherited)",
				);
				GCC_WARN_64_TO_32_BIT_CONVERSION = YES;
				GCC_WARN_ABOUT_RETURN_TYPE = YES_ERROR;
				GCC_WARN_UNDECLARED_SELECTOR = YES;
				GCC_WARN_UNINITIALIZED_AUTOS = YES_AGGRESSIVE;
				GCC_WARN_UNUSED_FUNCTION = YES;
				GCC_WARN_UNUSED_VARIABLE = YES;
				IPHONEOS_DEPLOYMENT_TARGET = 14.4;
				MTL_ENABLE_DEBUG_INFO = INCLUDE_SOURCE;
				MTL_FAST_MATH = YES;
				ONLY_ACTIVE_ARCH = YES;
				SDKROOT = iphoneos;
				SWIFT_ACTIVE_COMPILATION_CONDITIONS = DEBUG;
				SWIFT_OPTIMIZATION_LEVEL = "-Onone";
			};
			name = Debug;
		};
		FA1B1541263FD027008CD9A3 /* Release */ = {
			isa = XCBuildConfiguration;
			buildSettings = {
				ALWAYS_SEARCH_USER_PATHS = NO;
				CLANG_ANALYZER_NONNULL = YES;
				CLANG_ANALYZER_NUMBER_OBJECT_CONVERSION = YES_AGGRESSIVE;
				CLANG_CXX_LANGUAGE_STANDARD = "gnu++14";
				CLANG_CXX_LIBRARY = "libc++";
				CLANG_ENABLE_MODULES = YES;
				CLANG_ENABLE_OBJC_ARC = YES;
				CLANG_ENABLE_OBJC_WEAK = YES;
				CLANG_WARN_BLOCK_CAPTURE_AUTORELEASING = YES;
				CLANG_WARN_BOOL_CONVERSION = YES;
				CLANG_WARN_COMMA = YES;
				CLANG_WARN_CONSTANT_CONVERSION = YES;
				CLANG_WARN_DEPRECATED_OBJC_IMPLEMENTATIONS = YES;
				CLANG_WARN_DIRECT_OBJC_ISA_USAGE = YES_ERROR;
				CLANG_WARN_DOCUMENTATION_COMMENTS = YES;
				CLANG_WARN_EMPTY_BODY = YES;
				CLANG_WARN_ENUM_CONVERSION = YES;
				CLANG_WARN_INFINITE_RECURSION = YES;
				CLANG_WARN_INT_CONVERSION = YES;
				CLANG_WARN_NON_LITERAL_NULL_CONVERSION = YES;
				CLANG_WARN_OBJC_IMPLICIT_RETAIN_SELF = YES;
				CLANG_WARN_OBJC_LITERAL_CONVERSION = YES;
				CLANG_WARN_OBJC_ROOT_CLASS = YES_ERROR;
				CLANG_WARN_QUOTED_INCLUDE_IN_FRAMEWORK_HEADER = YES;
				CLANG_WARN_RANGE_LOOP_ANALYSIS = YES;
				CLANG_WARN_STRICT_PROTOTYPES = YES;
				CLANG_WARN_SUSPICIOUS_MOVE = YES;
				CLANG_WARN_UNGUARDED_AVAILABILITY = YES_AGGRESSIVE;
				CLANG_WARN_UNREACHABLE_CODE = YES;
				CLANG_WARN__DUPLICATE_METHOD_MATCH = YES;
				COPY_PHASE_STRIP = NO;
				DEBUG_INFORMATION_FORMAT = "dwarf-with-dsym";
				ENABLE_NS_ASSERTIONS = NO;
				ENABLE_STRICT_OBJC_MSGSEND = YES;
				GCC_C_LANGUAGE_STANDARD = gnu11;
				GCC_NO_COMMON_BLOCKS = YES;
				GCC_WARN_64_TO_32_BIT_CONVERSION = YES;
				GCC_WARN_ABOUT_RETURN_TYPE = YES_ERROR;
				GCC_WARN_UNDECLARED_SELECTOR = YES;
				GCC_WARN_UNINITIALIZED_AUTOS = YES_AGGRESSIVE;
				GCC_WARN_UNUSED_FUNCTION = YES;
				GCC_WARN_UNUSED_VARIABLE = YES;
				IPHONEOS_DEPLOYMENT_TARGET = 14.4;
				MTL_ENABLE_DEBUG_INFO = NO;
				MTL_FAST_MATH = YES;
				SDKROOT = iphoneos;
				SWIFT_COMPILATION_MODE = wholemodule;
				SWIFT_OPTIMIZATION_LEVEL = "-O";
				VALIDATE_PRODUCT = YES;
			};
			name = Release;
		};
		FA1B1543263FD027008CD9A3 /* Debug */ = {
			isa = XCBuildConfiguration;
			baseConfigurationReference = C2CAB410993297DDFFF3DFCF /* Pods-Le Mood.debug.xcconfig */;
			buildSettings = {
				ASSETCATALOG_COMPILER_APPICON_NAME = AppIcon;
				ASSETCATALOG_COMPILER_GLOBAL_ACCENT_COLOR_NAME = AccentColor;
				CODE_SIGN_STYLE = Automatic;
				DEVELOPMENT_TEAM = 9GXJC6C5XQ;
				INFOPLIST_FILE = "Le Mood/Assets/Info.plist";
				IPHONEOS_DEPLOYMENT_TARGET = 14.1;
				LD_RUNPATH_SEARCH_PATHS = (
					"$(inherited)",
					"@executable_path/Frameworks",
				);
				PRODUCT_BUNDLE_IDENTIFIER = "com.Le-Mood";
				PRODUCT_NAME = "$(TARGET_NAME)";
				SWIFT_VERSION = 5.0;
				TARGETED_DEVICE_FAMILY = 1;
			};
			name = Debug;
		};
		FA1B1544263FD027008CD9A3 /* Release */ = {
			isa = XCBuildConfiguration;
			baseConfigurationReference = CFE8B30F3C0CD2920545C271 /* Pods-Le Mood.release.xcconfig */;
			buildSettings = {
				ASSETCATALOG_COMPILER_APPICON_NAME = AppIcon;
				ASSETCATALOG_COMPILER_GLOBAL_ACCENT_COLOR_NAME = AccentColor;
				CODE_SIGN_STYLE = Automatic;
				DEVELOPMENT_TEAM = 9GXJC6C5XQ;
				INFOPLIST_FILE = "Le Mood/Assets/Info.plist";
				IPHONEOS_DEPLOYMENT_TARGET = 14.1;
				LD_RUNPATH_SEARCH_PATHS = (
					"$(inherited)",
					"@executable_path/Frameworks",
				);
				PRODUCT_BUNDLE_IDENTIFIER = "com.Le-Mood";
				PRODUCT_NAME = "$(TARGET_NAME)";
				SWIFT_VERSION = 5.0;
				TARGETED_DEVICE_FAMILY = 1;
			};
			name = Release;
		};
/* End XCBuildConfiguration section */

/* Begin XCConfigurationList section */
		FA1B1529263FD027008CD9A3 /* Build configuration list for PBXProject "Le Mood" */ = {
			isa = XCConfigurationList;
			buildConfigurations = (
				FA1B1540263FD027008CD9A3 /* Debug */,
				FA1B1541263FD027008CD9A3 /* Release */,
			);
			defaultConfigurationIsVisible = 0;
			defaultConfigurationName = Release;
		};
		FA1B1542263FD027008CD9A3 /* Build configuration list for PBXNativeTarget "Le Mood" */ = {
			isa = XCConfigurationList;
			buildConfigurations = (
				FA1B1543263FD027008CD9A3 /* Debug */,
				FA1B1544263FD027008CD9A3 /* Release */,
			);
			defaultConfigurationIsVisible = 0;
			defaultConfigurationName = Release;
		};
/* End XCConfigurationList section */
	};
	rootObject = FA1B1526263FD027008CD9A3 /* Project object */;
}
